// !$*UTF8*$!
{
	archiveVersion = 1;
	classes = {
	};
	objectVersion = 46;
	objects = {

/* Begin PBXBuildFile section */
		520A36311A35BFD000448041 /* libcrunch3r.dylib in Frameworks */ = {isa = PBXBuildFile; fileRef = 52460AD21A35BE3800754F36 /* libcrunch3r.dylib */; };
		520A363C1A35D63400448041 /* algebra.cpp in Sources */ = {isa = PBXBuildFile; fileRef = 5239A7E91A35AC3900DE7F30 /* algebra.cpp */; };
		520A363D1A35D63E00448041 /* algebra.h in Headers */ = {isa = PBXBuildFile; fileRef = 5239A7EA1A35AC3900DE7F30 /* algebra.h */; };
		521558A81A35B4F6005A6795 /* libgtest.a in Frameworks */ = {isa = PBXBuildFile; fileRef = 521558A51A35B4F6005A6795 /* libgtest.a */; };
		521558A91A35B4F6005A6795 /* libgtest_main.a in Frameworks */ = {isa = PBXBuildFile; fileRef = 521558A61A35B4F6005A6795 /* libgtest_main.a */; };
		521558AA1A35B4F6005A6795 /* main.cpp in Sources */ = {isa = PBXBuildFile; fileRef = 521558A71A35B4F6005A6795 /* main.cpp */; };
		52460AD61A35BE8200754F36 /* algebra.h in Headers */ = {isa = PBXBuildFile; fileRef = 5239A7EA1A35AC3900DE7F30 /* algebra.h */; };
		52460AD71A35BE8200754F36 /* matrix.h in Headers */ = {isa = PBXBuildFile; fileRef = 5239A7EB1A35AC3900DE7F30 /* matrix.h */; };
		52460AD81A35BE8200754F36 /* crunch3r.h in Headers */ = {isa = PBXBuildFile; fileRef = 5239A7ED1A35AC3900DE7F30 /* crunch3r.h */; };
		52460AD91A35BE8200754F36 /* vector.h in Headers */ = {isa = PBXBuildFile; fileRef = 5239A7EE1A35AC3900DE7F30 /* vector.h */; };
		52460ADA1A35BE8B00754F36 /* algebra.cpp in Sources */ = {isa = PBXBuildFile; fileRef = 5239A7E91A35AC3900DE7F30 /* algebra.cpp */; };
		52460ADB1A35BE8B00754F36 /* matrix.cpp in Sources */ = {isa = PBXBuildFile; fileRef = 5239A7EC1A35AC3900DE7F30 /* matrix.cpp */; };
		52460ADC1A35BE8B00754F36 /* vector.cpp in Sources */ = {isa = PBXBuildFile; fileRef = 5239A7EF1A35AC3900DE7F30 /* vector.cpp */; };
/* End PBXBuildFile section */

/* Begin PBXContainerItemProxy section */
		520A36321A35BFDB00448041 /* PBXContainerItemProxy */ = {
			isa = PBXContainerItemProxy;
			containerPortal = 5239A7DA1A35AC1000DE7F30 /* Project object */;
			proxyType = 1;
			remoteGlobalIDString = 52460AD11A35BE3800754F36;
			remoteInfo = crunch3r;
		};
/* End PBXContainerItemProxy section */

/* Begin PBXCopyFilesBuildPhase section */
		5239A82E1A35AE0700DE7F30 /* CopyFiles */ = {
			isa = PBXCopyFilesBuildPhase;
			buildActionMask = 2147483647;
			dstPath = /usr/share/man/man1/;
			dstSubfolderSpec = 0;
			files = (
			);
			runOnlyForDeploymentPostprocessing = 1;
		};
/* End PBXCopyFilesBuildPhase section */

/* Begin PBXFileReference section */
		520A36381A35D62000448041 /* libcrunch3r_algebra.dylib */ = {isa = PBXFileReference; explicitFileType = "compiled.mach-o.dylib"; includeInIndex = 0; path = libcrunch3r_algebra.dylib; sourceTree = BUILT_PRODUCTS_DIR; };
		5215588B1A35B4F6005A6795 /* gtest-death-test.h */ = {isa = PBXFileReference; fileEncoding = 4; lastKnownFileType = sourcecode.c.h; path = "gtest-death-test.h"; sourceTree = "<group>"; };
		5215588C1A35B4F6005A6795 /* gtest-message.h */ = {isa = PBXFileReference; fileEncoding = 4; lastKnownFileType = sourcecode.c.h; path = "gtest-message.h"; sourceTree = "<group>"; };
		5215588D1A35B4F6005A6795 /* gtest-param-test.h */ = {isa = PBXFileReference; fileEncoding = 4; lastKnownFileType = sourcecode.c.h; path = "gtest-param-test.h"; sourceTree = "<group>"; };
		5215588E1A35B4F6005A6795 /* gtest-param-test.h.pump */ = {isa = PBXFileReference; fileEncoding = 4; lastKnownFileType = text; path = "gtest-param-test.h.pump"; sourceTree = "<group>"; };
		5215588F1A35B4F6005A6795 /* gtest-printers.h */ = {isa = PBXFileReference; fileEncoding = 4; lastKnownFileType = sourcecode.c.h; path = "gtest-printers.h"; sourceTree = "<group>"; };
		521558901A35B4F6005A6795 /* gtest-spi.h */ = {isa = PBXFileReference; fileEncoding = 4; lastKnownFileType = sourcecode.c.h; path = "gtest-spi.h"; sourceTree = "<group>"; };
		521558911A35B4F6005A6795 /* gtest-test-part.h */ = {isa = PBXFileReference; fileEncoding = 4; lastKnownFileType = sourcecode.c.h; path = "gtest-test-part.h"; sourceTree = "<group>"; };
		521558921A35B4F6005A6795 /* gtest-typed-test.h */ = {isa = PBXFileReference; fileEncoding = 4; lastKnownFileType = sourcecode.c.h; path = "gtest-typed-test.h"; sourceTree = "<group>"; };
		521558931A35B4F6005A6795 /* gtest.h */ = {isa = PBXFileReference; fileEncoding = 4; lastKnownFileType = sourcecode.c.h; path = gtest.h; sourceTree = "<group>"; };
		521558941A35B4F6005A6795 /* gtest_pred_impl.h */ = {isa = PBXFileReference; fileEncoding = 4; lastKnownFileType = sourcecode.c.h; path = gtest_pred_impl.h; sourceTree = "<group>"; };
		521558951A35B4F6005A6795 /* gtest_prod.h */ = {isa = PBXFileReference; fileEncoding = 4; lastKnownFileType = sourcecode.c.h; path = gtest_prod.h; sourceTree = "<group>"; };
		521558971A35B4F6005A6795 /* gtest-death-test-internal.h */ = {isa = PBXFileReference; fileEncoding = 4; lastKnownFileType = sourcecode.c.h; path = "gtest-death-test-internal.h"; sourceTree = "<group>"; };
		521558981A35B4F6005A6795 /* gtest-filepath.h */ = {isa = PBXFileReference; fileEncoding = 4; lastKnownFileType = sourcecode.c.h; path = "gtest-filepath.h"; sourceTree = "<group>"; };
		521558991A35B4F6005A6795 /* gtest-internal.h */ = {isa = PBXFileReference; fileEncoding = 4; lastKnownFileType = sourcecode.c.h; path = "gtest-internal.h"; sourceTree = "<group>"; };
		5215589A1A35B4F6005A6795 /* gtest-linked_ptr.h */ = {isa = PBXFileReference; fileEncoding = 4; lastKnownFileType = sourcecode.c.h; path = "gtest-linked_ptr.h"; sourceTree = "<group>"; };
		5215589B1A35B4F6005A6795 /* gtest-param-util-generated.h */ = {isa = PBXFileReference; fileEncoding = 4; lastKnownFileType = sourcecode.c.h; path = "gtest-param-util-generated.h"; sourceTree = "<group>"; };
		5215589C1A35B4F6005A6795 /* gtest-param-util-generated.h.pump */ = {isa = PBXFileReference; fileEncoding = 4; lastKnownFileType = text; path = "gtest-param-util-generated.h.pump"; sourceTree = "<group>"; };
		5215589D1A35B4F6005A6795 /* gtest-param-util.h */ = {isa = PBXFileReference; fileEncoding = 4; lastKnownFileType = sourcecode.c.h; path = "gtest-param-util.h"; sourceTree = "<group>"; };
		5215589E1A35B4F6005A6795 /* gtest-port.h */ = {isa = PBXFileReference; fileEncoding = 4; lastKnownFileType = sourcecode.c.h; path = "gtest-port.h"; sourceTree = "<group>"; };
		5215589F1A35B4F6005A6795 /* gtest-string.h */ = {isa = PBXFileReference; fileEncoding = 4; lastKnownFileType = sourcecode.c.h; path = "gtest-string.h"; sourceTree = "<group>"; };
		521558A01A35B4F6005A6795 /* gtest-tuple.h */ = {isa = PBXFileReference; fileEncoding = 4; lastKnownFileType = sourcecode.c.h; path = "gtest-tuple.h"; sourceTree = "<group>"; };
		521558A11A35B4F6005A6795 /* gtest-tuple.h.pump */ = {isa = PBXFileReference; fileEncoding = 4; lastKnownFileType = text; path = "gtest-tuple.h.pump"; sourceTree = "<group>"; };
		521558A21A35B4F6005A6795 /* gtest-type-util.h */ = {isa = PBXFileReference; fileEncoding = 4; lastKnownFileType = sourcecode.c.h; path = "gtest-type-util.h"; sourceTree = "<group>"; };
		521558A31A35B4F6005A6795 /* gtest-type-util.h.pump */ = {isa = PBXFileReference; fileEncoding = 4; lastKnownFileType = text; path = "gtest-type-util.h.pump"; sourceTree = "<group>"; };
		521558A51A35B4F6005A6795 /* libgtest.a */ = {isa = PBXFileReference; lastKnownFileType = archive.ar; path = libgtest.a; sourceTree = "<group>"; };
		521558A61A35B4F6005A6795 /* libgtest_main.a */ = {isa = PBXFileReference; lastKnownFileType = archive.ar; path = libgtest_main.a; sourceTree = "<group>"; };
		521558A71A35B4F6005A6795 /* main.cpp */ = {isa = PBXFileReference; fileEncoding = 4; lastKnownFileType = sourcecode.cpp.cpp; path = main.cpp; sourceTree = "<group>"; };
		5239A7E91A35AC3900DE7F30 /* algebra.cpp */ = {isa = PBXFileReference; fileEncoding = 4; lastKnownFileType = sourcecode.cpp.cpp; path = algebra.cpp; sourceTree = "<group>"; };
		5239A7EA1A35AC3900DE7F30 /* algebra.h */ = {isa = PBXFileReference; fileEncoding = 4; lastKnownFileType = sourcecode.c.h; path = algebra.h; sourceTree = "<group>"; };
		5239A7EB1A35AC3900DE7F30 /* matrix.h */ = {isa = PBXFileReference; fileEncoding = 4; lastKnownFileType = sourcecode.c.h; path = matrix.h; sourceTree = "<group>"; };
		5239A7EC1A35AC3900DE7F30 /* matrix.cpp */ = {isa = PBXFileReference; fileEncoding = 4; lastKnownFileType = sourcecode.cpp.cpp; path = matrix.cpp; sourceTree = "<group>"; };
		5239A7ED1A35AC3900DE7F30 /* crunch3r.h */ = {isa = PBXFileReference; fileEncoding = 4; lastKnownFileType = sourcecode.c.h; path = crunch3r.h; sourceTree = "<group>"; };
		5239A7EE1A35AC3900DE7F30 /* vector.h */ = {isa = PBXFileReference; fileEncoding = 4; lastKnownFileType = sourcecode.c.h; path = vector.h; sourceTree = "<group>"; };
		5239A7EF1A35AC3900DE7F30 /* vector.cpp */ = {isa = PBXFileReference; fileEncoding = 4; lastKnownFileType = sourcecode.cpp.cpp; path = vector.cpp; sourceTree = "<group>"; };
		5239A8301A35AE0700DE7F30 /* UnitTests */ = {isa = PBXFileReference; explicitFileType = "compiled.mach-o.executable"; includeInIndex = 0; path = UnitTests; sourceTree = BUILT_PRODUCTS_DIR; };
		52460AD21A35BE3800754F36 /* libcrunch3r.dylib */ = {isa = PBXFileReference; explicitFileType = "compiled.mach-o.dylib"; includeInIndex = 0; path = libcrunch3r.dylib; sourceTree = BUILT_PRODUCTS_DIR; };
/* End PBXFileReference section */

/* Begin PBXFrameworksBuildPhase section */
		520A36351A35D62000448041 /* Frameworks */ = {
			isa = PBXFrameworksBuildPhase;
			buildActionMask = 2147483647;
			files = (
			);
			runOnlyForDeploymentPostprocessing = 0;
		};
		5239A82D1A35AE0700DE7F30 /* Frameworks */ = {
			isa = PBXFrameworksBuildPhase;
			buildActionMask = 2147483647;
			files = (
				520A36311A35BFD000448041 /* libcrunch3r.dylib in Frameworks */,
				521558A91A35B4F6005A6795 /* libgtest_main.a in Frameworks */,
				521558A81A35B4F6005A6795 /* libgtest.a in Frameworks */,
			);
			runOnlyForDeploymentPostprocessing = 0;
		};
		52460ACF1A35BE3800754F36 /* Frameworks */ = {
			isa = PBXFrameworksBuildPhase;
			buildActionMask = 2147483647;
			files = (
			);
			runOnlyForDeploymentPostprocessing = 0;
		};
/* End PBXFrameworksBuildPhase section */

/* Begin PBXGroup section */
		521558871A35B4F6005A6795 /* UnitTests */ = {
			isa = PBXGroup;
			children = (
				521558881A35B4F6005A6795 /* gtest */,
				521558A71A35B4F6005A6795 /* main.cpp */,
			);
			path = UnitTests;
			sourceTree = "<group>";
		};
		521558881A35B4F6005A6795 /* gtest */ = {
			isa = PBXGroup;
			children = (
				521558891A35B4F6005A6795 /* include */,
				521558A41A35B4F6005A6795 /* lib */,
			);
			path = gtest;
			sourceTree = "<group>";
		};
		521558891A35B4F6005A6795 /* include */ = {
			isa = PBXGroup;
			children = (
				5215588A1A35B4F6005A6795 /* gtest */,
			);
			path = include;
			sourceTree = "<group>";
		};
		5215588A1A35B4F6005A6795 /* gtest */ = {
			isa = PBXGroup;
			children = (
				5215588B1A35B4F6005A6795 /* gtest-death-test.h */,
				5215588C1A35B4F6005A6795 /* gtest-message.h */,
				5215588D1A35B4F6005A6795 /* gtest-param-test.h */,
				5215588E1A35B4F6005A6795 /* gtest-param-test.h.pump */,
				5215588F1A35B4F6005A6795 /* gtest-printers.h */,
				521558901A35B4F6005A6795 /* gtest-spi.h */,
				521558911A35B4F6005A6795 /* gtest-test-part.h */,
				521558921A35B4F6005A6795 /* gtest-typed-test.h */,
				521558931A35B4F6005A6795 /* gtest.h */,
				521558941A35B4F6005A6795 /* gtest_pred_impl.h */,
				521558951A35B4F6005A6795 /* gtest_prod.h */,
				521558961A35B4F6005A6795 /* internal */,
			);
			path = gtest;
			sourceTree = "<group>";
		};
		521558961A35B4F6005A6795 /* internal */ = {
			isa = PBXGroup;
			children = (
				521558971A35B4F6005A6795 /* gtest-death-test-internal.h */,
				521558981A35B4F6005A6795 /* gtest-filepath.h */,
				521558991A35B4F6005A6795 /* gtest-internal.h */,
				5215589A1A35B4F6005A6795 /* gtest-linked_ptr.h */,
				5215589B1A35B4F6005A6795 /* gtest-param-util-generated.h */,
				5215589C1A35B4F6005A6795 /* gtest-param-util-generated.h.pump */,
				5215589D1A35B4F6005A6795 /* gtest-param-util.h */,
				5215589E1A35B4F6005A6795 /* gtest-port.h */,
				5215589F1A35B4F6005A6795 /* gtest-string.h */,
				521558A01A35B4F6005A6795 /* gtest-tuple.h */,
				521558A11A35B4F6005A6795 /* gtest-tuple.h.pump */,
				521558A21A35B4F6005A6795 /* gtest-type-util.h */,
				521558A31A35B4F6005A6795 /* gtest-type-util.h.pump */,
			);
			path = internal;
			sourceTree = "<group>";
		};
		521558A41A35B4F6005A6795 /* lib */ = {
			isa = PBXGroup;
			children = (
				521558A51A35B4F6005A6795 /* libgtest.a */,
				521558A61A35B4F6005A6795 /* libgtest_main.a */,
			);
			path = lib;
			sourceTree = "<group>";
		};
		5239A7D91A35AC1000DE7F30 = {
			isa = PBXGroup;
			children = (
				521558871A35B4F6005A6795 /* UnitTests */,
				5239A7E91A35AC3900DE7F30 /* algebra.cpp */,
				5239A7EA1A35AC3900DE7F30 /* algebra.h */,
				5239A7EB1A35AC3900DE7F30 /* matrix.h */,
				5239A7EC1A35AC3900DE7F30 /* matrix.cpp */,
				5239A7ED1A35AC3900DE7F30 /* crunch3r.h */,
				5239A7EE1A35AC3900DE7F30 /* vector.h */,
				5239A7EF1A35AC3900DE7F30 /* vector.cpp */,
				5239A7E31A35AC1000DE7F30 /* Products */,
			);
			sourceTree = "<group>";
		};
		5239A7E31A35AC1000DE7F30 /* Products */ = {
			isa = PBXGroup;
			children = (
				5239A8301A35AE0700DE7F30 /* UnitTests */,
				52460AD21A35BE3800754F36 /* libcrunch3r.dylib */,
				520A36381A35D62000448041 /* libcrunch3r_algebra.dylib */,
			);
			name = Products;
			sourceTree = "<group>";
		};
/* End PBXGroup section */

/* Begin PBXHeadersBuildPhase section */
		520A36361A35D62000448041 /* Headers */ = {
			isa = PBXHeadersBuildPhase;
			buildActionMask = 2147483647;
			files = (
				520A363D1A35D63E00448041 /* algebra.h in Headers */,
			);
			runOnlyForDeploymentPostprocessing = 0;
		};
		52460AD01A35BE3800754F36 /* Headers */ = {
			isa = PBXHeadersBuildPhase;
			buildActionMask = 2147483647;
			files = (
				52460AD61A35BE8200754F36 /* algebra.h in Headers */,
				52460AD71A35BE8200754F36 /* matrix.h in Headers */,
				52460AD81A35BE8200754F36 /* crunch3r.h in Headers */,
				52460AD91A35BE8200754F36 /* vector.h in Headers */,
			);
			runOnlyForDeploymentPostprocessing = 0;
		};
/* End PBXHeadersBuildPhase section */

/* Begin PBXNativeTarget section */
		520A36371A35D62000448041 /* crunch3r_algebra */ = {
			isa = PBXNativeTarget;
			buildConfigurationList = 520A36391A35D62000448041 /* Build configuration list for PBXNativeTarget "crunch3r_algebra" */;
			buildPhases = (
				520A36341A35D62000448041 /* Sources */,
				520A36351A35D62000448041 /* Frameworks */,
				520A36361A35D62000448041 /* Headers */,
			);
			buildRules = (
			);
			dependencies = (
			);
			name = crunch3r_algebra;
			productName = crunch3r_algebra;
			productReference = 520A36381A35D62000448041 /* libcrunch3r_algebra.dylib */;
			productType = "com.apple.product-type.library.dynamic";
		};
		5239A82F1A35AE0700DE7F30 /* UnitTests */ = {
			isa = PBXNativeTarget;
			buildConfigurationList = 5239A8341A35AE0700DE7F30 /* Build configuration list for PBXNativeTarget "UnitTests" */;
			buildPhases = (
				5239A82C1A35AE0700DE7F30 /* Sources */,
				5239A82D1A35AE0700DE7F30 /* Frameworks */,
				5239A82E1A35AE0700DE7F30 /* CopyFiles */,
			);
			buildRules = (
			);
			dependencies = (
				520A36331A35BFDB00448041 /* PBXTargetDependency */,
			);
			name = UnitTests;
			productName = "Unit Tests";
			productReference = 5239A8301A35AE0700DE7F30 /* UnitTests */;
			productType = "com.apple.product-type.tool";
		};
		52460AD11A35BE3800754F36 /* crunch3r */ = {
			isa = PBXNativeTarget;
			buildConfigurationList = 52460AD31A35BE3800754F36 /* Build configuration list for PBXNativeTarget "crunch3r" */;
			buildPhases = (
				52460ACE1A35BE3800754F36 /* Sources */,
				52460ACF1A35BE3800754F36 /* Frameworks */,
				52460AD01A35BE3800754F36 /* Headers */,
			);
			buildRules = (
			);
			dependencies = (
			);
			name = crunch3r;
			productName = "crunche3r++";
			productReference = 52460AD21A35BE3800754F36 /* libcrunch3r.dylib */;
			productType = "com.apple.product-type.library.dynamic";
		};
/* End PBXNativeTarget section */

/* Begin PBXProject section */
		5239A7DA1A35AC1000DE7F30 /* Project object */ = {
			isa = PBXProject;
			attributes = {
				LastUpgradeCheck = 0600;
				ORGANIZATIONNAME = "Paolo Burelli";
				TargetAttributes = {
					520A36371A35D62000448041 = {
						CreatedOnToolsVersion = 6.0;
					};
					5239A82F1A35AE0700DE7F30 = {
						CreatedOnToolsVersion = 6.0;
					};
					52460AD11A35BE3800754F36 = {
						CreatedOnToolsVersion = 6.0;
					};
				};
			};
			buildConfigurationList = 5239A7DD1A35AC1000DE7F30 /* Build configuration list for PBXProject "crunch3r" */;
			compatibilityVersion = "Xcode 3.2";
			developmentRegion = English;
			hasScannedForEncodings = 0;
			knownRegions = (
				en,
			);
			mainGroup = 5239A7D91A35AC1000DE7F30;
			productRefGroup = 5239A7E31A35AC1000DE7F30 /* Products */;
			projectDirPath = "";
			projectRoot = "";
			targets = (
				5239A82F1A35AE0700DE7F30 /* UnitTests */,
				52460AD11A35BE3800754F36 /* crunch3r */,
				520A36371A35D62000448041 /* crunch3r_algebra */,
			);
		};
/* End PBXProject section */

/* Begin PBXSourcesBuildPhase section */
		520A36341A35D62000448041 /* Sources */ = {
			isa = PBXSourcesBuildPhase;
			buildActionMask = 2147483647;
			files = (
				520A363C1A35D63400448041 /* algebra.cpp in Sources */,
			);
			runOnlyForDeploymentPostprocessing = 0;
		};
		5239A82C1A35AE0700DE7F30 /* Sources */ = {
			isa = PBXSourcesBuildPhase;
			buildActionMask = 2147483647;
			files = (
				521558AA1A35B4F6005A6795 /* main.cpp in Sources */,
			);
			runOnlyForDeploymentPostprocessing = 0;
		};
		52460ACE1A35BE3800754F36 /* Sources */ = {
			isa = PBXSourcesBuildPhase;
			buildActionMask = 2147483647;
			files = (
				52460ADA1A35BE8B00754F36 /* algebra.cpp in Sources */,
				52460ADB1A35BE8B00754F36 /* matrix.cpp in Sources */,
				52460ADC1A35BE8B00754F36 /* vector.cpp in Sources */,
			);
			runOnlyForDeploymentPostprocessing = 0;
		};
/* End PBXSourcesBuildPhase section */

/* Begin PBXTargetDependency section */
		520A36331A35BFDB00448041 /* PBXTargetDependency */ = {
			isa = PBXTargetDependency;
			target = 52460AD11A35BE3800754F36 /* crunch3r */;
			targetProxy = 520A36321A35BFDB00448041 /* PBXContainerItemProxy */;
		};
/* End PBXTargetDependency section */

/* Begin XCBuildConfiguration section */
		520A363A1A35D62000448041 /* Debug */ = {
			isa = XCBuildConfiguration;
			buildSettings = {
				ARCHS = "$(ARCHS_STANDARD_32_BIT)";
				DYLIB_COMPATIBILITY_VERSION = 1;
				DYLIB_CURRENT_VERSION = 1;
				DYLIB_INSTALL_NAME_BASE = "@executable_path";
				EXECUTABLE_PREFIX = lib;
				GCC_PREPROCESSOR_DEFINITIONS = (
					"DEBUG=1",
					"$(inherited)",
				);
				MACOSX_DEPLOYMENT_TARGET = 10.9;
				PRODUCT_NAME = "$(TARGET_NAME)";
			};
			name = Debug;
		};
		520A363B1A35D62000448041 /* Release */ = {
			isa = XCBuildConfiguration;
			buildSettings = {
				ARCHS = "$(ARCHS_STANDARD_32_BIT)";
				DYLIB_COMPATIBILITY_VERSION = 1;
				DYLIB_CURRENT_VERSION = 1;
				DYLIB_INSTALL_NAME_BASE = "@executable_path";
				EXECUTABLE_PREFIX = lib;
				MACOSX_DEPLOYMENT_TARGET = 10.9;
				PRODUCT_NAME = "$(TARGET_NAME)";
			};
			name = Release;
		};
		5239A7E41A35AC1000DE7F30 /* Debug */ = {
			isa = XCBuildConfiguration;
			buildSettings = {
				ALWAYS_SEARCH_USER_PATHS = NO;
				CLANG_CXX_LANGUAGE_STANDARD = "gnu++0x";
				CLANG_CXX_LIBRARY = "libc++";
				CLANG_ENABLE_MODULES = YES;
				CLANG_ENABLE_OBJC_ARC = YES;
				CLANG_WARN_BOOL_CONVERSION = YES;
				CLANG_WARN_CONSTANT_CONVERSION = YES;
				CLANG_WARN_DIRECT_OBJC_ISA_USAGE = YES_ERROR;
				CLANG_WARN_EMPTY_BODY = YES;
				CLANG_WARN_ENUM_CONVERSION = YES;
				CLANG_WARN_INT_CONVERSION = YES;
				CLANG_WARN_OBJC_ROOT_CLASS = YES_ERROR;
				CLANG_WARN_UNREACHABLE_CODE = YES;
				CLANG_WARN__DUPLICATE_METHOD_MATCH = YES;
				COPY_PHASE_STRIP = NO;
				ENABLE_STRICT_OBJC_MSGSEND = YES;
				GCC_C_LANGUAGE_STANDARD = gnu99;
				GCC_DYNAMIC_NO_PIC = NO;
				GCC_OPTIMIZATION_LEVEL = 0;
				GCC_PREPROCESSOR_DEFINITIONS = (
					"DEBUG=1",
					"$(inherited)",
				);
				GCC_SYMBOLS_PRIVATE_EXTERN = NO;
				GCC_WARN_64_TO_32_BIT_CONVERSION = YES;
				GCC_WARN_ABOUT_RETURN_TYPE = YES_ERROR;
				GCC_WARN_UNDECLARED_SELECTOR = YES;
				GCC_WARN_UNINITIALIZED_AUTOS = YES_AGGRESSIVE;
				GCC_WARN_UNUSED_FUNCTION = YES;
				GCC_WARN_UNUSED_VARIABLE = YES;
				MACOSX_DEPLOYMENT_TARGET = 10.9;
				MTL_ENABLE_DEBUG_INFO = YES;
				ONLY_ACTIVE_ARCH = YES;
				SDKROOT = macosx;
				SYMROOT = "$(PROJECT_DIR)/build";
			};
			name = Debug;
		};
		5239A7E51A35AC1000DE7F30 /* Release */ = {
			isa = XCBuildConfiguration;
			buildSettings = {
				ALWAYS_SEARCH_USER_PATHS = NO;
				CLANG_CXX_LANGUAGE_STANDARD = "gnu++0x";
				CLANG_CXX_LIBRARY = "libc++";
				CLANG_ENABLE_MODULES = YES;
				CLANG_ENABLE_OBJC_ARC = YES;
				CLANG_WARN_BOOL_CONVERSION = YES;
				CLANG_WARN_CONSTANT_CONVERSION = YES;
				CLANG_WARN_DIRECT_OBJC_ISA_USAGE = YES_ERROR;
				CLANG_WARN_EMPTY_BODY = YES;
				CLANG_WARN_ENUM_CONVERSION = YES;
				CLANG_WARN_INT_CONVERSION = YES;
				CLANG_WARN_OBJC_ROOT_CLASS = YES_ERROR;
				CLANG_WARN_UNREACHABLE_CODE = YES;
				CLANG_WARN__DUPLICATE_METHOD_MATCH = YES;
				COPY_PHASE_STRIP = YES;
				DEBUG_INFORMATION_FORMAT = "dwarf-with-dsym";
				ENABLE_NS_ASSERTIONS = NO;
				ENABLE_STRICT_OBJC_MSGSEND = YES;
				GCC_C_LANGUAGE_STANDARD = gnu99;
				GCC_WARN_64_TO_32_BIT_CONVERSION = YES;
				GCC_WARN_ABOUT_RETURN_TYPE = YES_ERROR;
				GCC_WARN_UNDECLARED_SELECTOR = YES;
				GCC_WARN_UNINITIALIZED_AUTOS = YES_AGGRESSIVE;
				GCC_WARN_UNUSED_FUNCTION = YES;
				GCC_WARN_UNUSED_VARIABLE = YES;
				MACOSX_DEPLOYMENT_TARGET = 10.9;
				MTL_ENABLE_DEBUG_INFO = NO;
				SDKROOT = macosx;
				SYMROOT = "$(PROJECT_DIR)/build";
			};
			name = Release;
		};
		5239A8351A35AE0700DE7F30 /* Debug */ = {
			isa = XCBuildConfiguration;
			buildSettings = {
				ARCHS = "$(ARCHS_STANDARD)";
				GCC_PREPROCESSOR_DEFINITIONS = (
					"DEBUG=1",
					"$(inherited)",
				);
				HEADER_SEARCH_PATHS = (
					"$(inherited)",
					/Applications/Xcode.app/Contents/Developer/Toolchains/XcodeDefault.xctoolchain/usr/include,
					"$(PROJECT_DIR)/UnitTests/gtest/include",
				);
				LIBRARY_SEARCH_PATHS = (
					"$(inherited)",
					"$(PROJECT_DIR)/gtest/lib",
					"$(PROJECT_DIR)/UnitTests/gtest/lib",
				);
				MACOSX_DEPLOYMENT_TARGET = 10.10;
				PRODUCT_NAME = "$(TARGET_NAME)";
			};
			name = Debug;
		};
		5239A8361A35AE0700DE7F30 /* Release */ = {
			isa = XCBuildConfiguration;
			buildSettings = {
				ARCHS = "$(ARCHS_STANDARD)";
				HEADER_SEARCH_PATHS = (
					"$(inherited)",
					/Applications/Xcode.app/Contents/Developer/Toolchains/XcodeDefault.xctoolchain/usr/include,
					"$(PROJECT_DIR)/UnitTests/gtest/include",
				);
				LIBRARY_SEARCH_PATHS = (
					"$(inherited)",
					"$(PROJECT_DIR)/gtest/lib",
					"$(PROJECT_DIR)/UnitTests/gtest/lib",
				);
				MACOSX_DEPLOYMENT_TARGET = 10.10;
				PRODUCT_NAME = "$(TARGET_NAME)";
			};
			name = Release;
		};
		52460AD41A35BE3800754F36 /* Debug */ = {
			isa = XCBuildConfiguration;
			buildSettings = {
				ARCHS = "$(ARCHS_STANDARD)";
				DYLIB_COMPATIBILITY_VERSION = 1;
				DYLIB_CURRENT_VERSION = 1;
				DYLIB_INSTALL_NAME_BASE = "@executable_path";
				EXECUTABLE_PREFIX = lib;
				GCC_PREPROCESSOR_DEFINITIONS = (
					"DEBUG=1",
					"$(inherited)",
				);
				LD_DYLIB_INSTALL_NAME = "$(DYLIB_INSTALL_NAME_BASE:standardizepath)/$(EXECUTABLE_PATH)";
				MACOSX_DEPLOYMENT_TARGET = 10.10;
				PRODUCT_NAME = "$(TARGET_NAME)";
			};
			name = Debug;
		};
		52460AD51A35BE3800754F36 /* Release */ = {
			isa = XCBuildConfiguration;
			buildSettings = {
				ARCHS = "$(ARCHS_STANDARD)";
				DYLIB_COMPATIBILITY_VERSION = 1;
				DYLIB_CURRENT_VERSION = 1;
				DYLIB_INSTALL_NAME_BASE = "@executable_path";
				EXECUTABLE_PREFIX = lib;
				LD_DYLIB_INSTALL_NAME = "$(DYLIB_INSTALL_NAME_BASE:standardizepath)/$(EXECUTABLE_PATH)";
				MACOSX_DEPLOYMENT_TARGET = 10.10;
				PRODUCT_NAME = "$(TARGET_NAME)";
			};
			name = Release;
		};
/* End XCBuildConfiguration section */

/* Begin XCConfigurationList section */
		520A36391A35D62000448041 /* Build configuration list for PBXNativeTarget "crunch3r_algebra" */ = {
			isa = XCConfigurationList;
			buildConfigurations = (
				520A363A1A35D62000448041 /* Debug */,
				520A363B1A35D62000448041 /* Release */,
			);
			defaultConfigurationIsVisible = 0;
		};
		5239A7DD1A35AC1000DE7F30 /* Build configuration list for PBXProject "crunch3r" */ = {
			isa = XCConfigurationList;
			buildConfigurations = (
				5239A7E41A35AC1000DE7F30 /* Debug */,
				5239A7E51A35AC1000DE7F30 /* Release */,
			);
			defaultConfigurationIsVisible = 0;
			defaultConfigurationName = Release;
		};
		5239A8341A35AE0700DE7F30 /* Build configuration list for PBXNativeTarget "UnitTests" */ = {
			isa = XCConfigurationList;
			buildConfigurations = (
				5239A8351A35AE0700DE7F30 /* Debug */,
				5239A8361A35AE0700DE7F30 /* Release */,
			);
			defaultConfigurationIsVisible = 0;
			defaultConfigurationName = Release;
		};
		52460AD31A35BE3800754F36 /* Build configuration list for PBXNativeTarget "crunch3r" */ = {
			isa = XCConfigurationList;
			buildConfigurations = (
				52460AD41A35BE3800754F36 /* Debug */,
				52460AD51A35BE3800754F36 /* Release */,
			);
			defaultConfigurationIsVisible = 0;
			defaultConfigurationName = Release;
		};
/* End XCConfigurationList section */
	};
	rootObject = 5239A7DA1A35AC1000DE7F30 /* Project object */;
}
